
Microsoft Visual Studio Solution File, Format Version 12.00
# Visual Studio 15
VisualStudioVersion = 15.0.28307.960
MinimumVisualStudioVersion = 10.0.40219.1
Project("{888888A0-9F3D-457C-B088-3A5042F75D52}") = "WebullBot", "WebullBot.pyproj", "{F7D6CD62-B8EF-46F7-AE3B-E042A753D9F2}"
EndProject
Global
	GlobalSection(SolutionConfigurationPlatforms) = preSolution
		Debug|Any CPU = Debug|Any CPU
		Release|Any CPU = Release|Any CPU
	EndGlobalSection
	GlobalSection(ProjectConfigurationPlatforms) = postSolution
		{F7D6CD62-B8EF-46F7-AE3B-E042A753D9F2}.Debug|Any CPU.ActiveCfg = Debug|Any CPU
		{F7D6CD62-B8EF-46F7-AE3B-E042A753D9F2}.Release|Any CPU.ActiveCfg = Release|Any CPU
	EndGlobalSection
	GlobalSection(SolutionProperties) = preSolution
		HideSolutionNode = FALSE
	EndGlobalSection
	GlobalSection(ExtensibilityGlobals) = postSolution
		SolutionGuid = {9FD15E15-A2C8-4722-8F24-6233E30B8B12}
	EndGlobalSection
EndGlobal
